
Microsoft Visual Studio Solution File, Format Version 12.00
# Visual Studio Version 16
VisualStudioVersion = 16.0.809.4
MinimumVisualStudioVersion = 10.0.40219.1
Project("{FAE04EC0-301F-11D3-BF4B-00C04F79EFBC}") = "practice3", "practice3\practice3.csproj", "{4D793F3C-EB9F-43B2-97C4-A4305F25E03C}"
EndProject
Global
	GlobalSection(SolutionConfigurationPlatforms) = preSolution
		Debug|Any CPU = Debug|Any CPU
		Release|Any CPU = Release|Any CPU
	EndGlobalSection
	GlobalSection(ProjectConfigurationPlatforms) = postSolution
		{4D793F3C-EB9F-43B2-97C4-A4305F25E03C}.Debug|Any CPU.ActiveCfg = Debug|Any CPU
		{4D793F3C-EB9F-43B2-97C4-A4305F25E03C}.Debug|Any CPU.Build.0 = Debug|Any CPU
		{4D793F3C-EB9F-43B2-97C4-A4305F25E03C}.Release|Any CPU.ActiveCfg = Release|Any CPU
		{4D793F3C-EB9F-43B2-97C4-A4305F25E03C}.Release|Any CPU.Build.0 = Release|Any CPU
	EndGlobalSection
	GlobalSection(SolutionProperties) = preSolution
		HideSolutionNode = FALSE
	EndGlobalSection
	GlobalSection(ExtensibilityGlobals) = postSolution
		SolutionGuid = {43D5ED5E-9D01-4756-845F-BDF3D0B73D5E}
	EndGlobalSection
EndGlobal
